
Microsoft Visual Studio Solution File, Format Version 12.00
# Visual Studio Version 17
VisualStudioVersion = 17.4.33403.182
MinimumVisualStudioVersion = 10.0.40219.1
Project("{FAE04EC0-301F-11D3-BF4B-00C04F79EFBC}") = "Windows Data Collector", "Windows Data Collector\Windows Data Collector.csproj", "{AE52EAFA-E196-461D-9F1C-E5C014FBA07B}"
EndProject
Global
	GlobalSection(SolutionConfigurationPlatforms) = preSolution
		Debug|Any CPU = Debug|Any CPU
		Release|Any CPU = Release|Any CPU
	EndGlobalSection
	GlobalSection(ProjectConfigurationPlatforms) = postSolution
		{AE52EAFA-E196-461D-9F1C-E5C014FBA07B}.Debug|Any CPU.ActiveCfg = Debug|Any CPU
		{AE52EAFA-E196-461D-9F1C-E5C014FBA07B}.Debug|Any CPU.Build.0 = Debug|Any CPU
		{AE52EAFA-E196-461D-9F1C-E5C014FBA07B}.Release|Any CPU.ActiveCfg = Release|Any CPU
		{AE52EAFA-E196-461D-9F1C-E5C014FBA07B}.Release|Any CPU.Build.0 = Release|Any CPU
	EndGlobalSection
	GlobalSection(SolutionProperties) = preSolution
		HideSolutionNode = FALSE
	EndGlobalSection
	GlobalSection(ExtensibilityGlobals) = postSolution
		SolutionGuid = {72893D07-CD71-40A0-AC42-9D92142C8979}
	EndGlobalSection
EndGlobal
